
Microsoft Visual Studio Solution File, Format Version 12.00
# Visual Studio Version 16
VisualStudioVersion = 16.0.32413.511
MinimumVisualStudioVersion = 10.0.40219.1
Project("{9A19103F-16F7-4668-BE54-9A1E7A4F7556}") = "DuvidasCsharp", "DuvidasCsharp\DuvidasCsharp.csproj", "{710FCD62-FBE3-4540-9115-68A025B050CC}"
	ProjectSection(ProjectDependencies) = postProject
		{9B84E536-77DC-4055-95D2-55BB87232B7E} = {9B84E536-77DC-4055-95D2-55BB87232B7E}
	EndProjectSection
EndProject
Project("{9A19103F-16F7-4668-BE54-9A1E7A4F7556}") = "Casting", "Casting\Casting.csproj", "{283DBB7C-8419-4164-B37C-A22EA816F62E}"
EndProject
Project("{9A19103F-16F7-4668-BE54-9A1E7A4F7556}") = "EntradaDeDados", "EntradaDeDados\EntradaDeDados.csproj", "{27C977BF-E2F3-4006-ADE4-7111469A8A8E}"
EndProject
Project("{9A19103F-16F7-4668-BE54-9A1E7A4F7556}") = "Condicionais", "Condicionais\Condicionais.csproj", "{EFB33E61-5EF6-446C-B269-9D682F7124EE}"
EndProject
Project("{9A19103F-16F7-4668-BE54-9A1E7A4F7556}") = "Funcoes", "Funcoes\Funcoes.csproj", "{A2E295EA-CBAE-48F0-B1D5-10496D7E77BA}"
EndProject
Project("{2150E333-8FDC-42A3-9474-1A3956D46DE8}") = "ClassesEObjetos", "ClassesEObjetos", "{95521F38-B482-4223-9113-FBD98B843031}"
EndProject
Project("{9A19103F-16F7-4668-BE54-9A1E7A4F7556}") = "ClassesEObjetos1", "ClassesEObjetos1\ClassesEObjetos1.csproj", "{9B84E536-77DC-4055-95D2-55BB87232B7E}"
EndProject
Project("{2150E333-8FDC-42A3-9474-1A3956D46DE8}") = "ClassesObjeto2", "ClassesObjeto2", "{EAF99B41-CE56-421A-9B23-2BC2761EB9C5}"
EndProject
Project("{9A19103F-16F7-4668-BE54-9A1E7A4F7556}") = "CadastroProdutos", "CadastroProdutos\CadastroProdutos.csproj", "{C11A5F5E-BB75-4A7C-B3A1-1767070C3734}"
EndProject
Project("{2150E333-8FDC-42A3-9474-1A3956D46DE8}") = "MetodosStaticos", "MetodosStaticos", "{75544612-C300-406B-8500-E205CD856BA2}"
EndProject
Project("{9A19103F-16F7-4668-BE54-9A1E7A4F7556}") = "Statico", "Statico\Statico.csproj", "{0834A3C6-8CDB-46AF-934A-60B64D90D5C2}"
EndProject
Project("{2150E333-8FDC-42A3-9474-1A3956D46DE8}") = "ConstrutoresESobreCargas", "ConstrutoresESobreCargas", "{A8742B5E-0887-482C-A7EE-A09767EF6A66}"
EndProject
Project("{9A19103F-16F7-4668-BE54-9A1E7A4F7556}") = "Contrutores", "Contrutores\Contrutores.csproj", "{752F89F1-24B6-4B3C-B3D1-8034AE4CDE91}"
EndProject
Project("{2150E333-8FDC-42A3-9474-1A3956D46DE8}") = "Conceitos intermediarios", "Conceitos intermediarios", "{0A595368-16A6-4693-A534-E945DFB6D29F}"
EndProject
Project("{2150E333-8FDC-42A3-9474-1A3956D46DE8}") = "Classes e Struct", "Classes e Struct", "{B3CCCF13-68BB-4FFB-B64B-2AC0B729D601}"
EndProject
Project("{9A19103F-16F7-4668-BE54-9A1E7A4F7556}") = "ClassesESctruck", "ClassesESctruck\ClassesESctruck.csproj", "{79F0FD02-535E-4F17-B2EB-B7C30100BA39}"
EndProject
Project("{2150E333-8FDC-42A3-9474-1A3956D46DE8}") = "Nullable", "Nullable", "{439C2783-401E-4D3D-8D8D-DA134F64C059}"
EndProject
Project("{9A19103F-16F7-4668-BE54-9A1E7A4F7556}") = "Nullable", "Nullable\Nullable.csproj", "{7C7F9F9F-110E-4751-9948-8B34861E84BE}"
EndProject
Project("{2150E333-8FDC-42A3-9474-1A3956D46DE8}") = "Vetores", "Vetores", "{223453EE-300C-4BB5-A886-ADCE7757675B}"
EndProject
Project("{9A19103F-16F7-4668-BE54-9A1E7A4F7556}") = "Vetores", "Vetores\Vetores.csproj", "{5AE77DE3-7149-4526-95AC-9D605929BB0D}"
EndProject
Project("{9A19103F-16F7-4668-BE54-9A1E7A4F7556}") = "VetoresParte2", "VetoresParte2\VetoresParte2.csproj", "{880E98E7-2763-46A2-BA83-962AE02946FA}"
EndProject
Project("{2150E333-8FDC-42A3-9474-1A3956D46DE8}") = "Properties", "Properties", "{C043F423-CF8C-400F-8AD7-46ABEB947FD3}"
EndProject
Project("{9A19103F-16F7-4668-BE54-9A1E7A4F7556}") = "Properties", "Properties\Properties.csproj", "{6840F174-8291-442D-B1DE-F734188D341B}"
EndProject
Project("{2150E333-8FDC-42A3-9474-1A3956D46DE8}") = "Params", "Params", "{CBB6943D-A53C-42CD-9721-A898D55B9985}"
EndProject
Project("{9A19103F-16F7-4668-BE54-9A1E7A4F7556}") = "Calculadora", "Calculadora\Calculadora.csproj", "{52F09F59-C230-481F-8526-A6B00FD784F1}"
EndProject
Project("{2150E333-8FDC-42A3-9474-1A3956D46DE8}") = "RefEOut", "RefEOut", "{DD4BB636-B9E4-4304-BC39-EB3BDC588CF8}"
EndProject
Project("{9A19103F-16F7-4668-BE54-9A1E7A4F7556}") = "Ref", "Ref\Ref.csproj", "{22E45E12-56E7-45D1-B198-E0BBEB139987}"
EndProject
Project("{2150E333-8FDC-42A3-9474-1A3956D46DE8}") = "List", "List", "{37148A70-1CAE-4453-8544-53D7BF8A15DB}"
EndProject
Project("{9A19103F-16F7-4668-BE54-9A1E7A4F7556}") = "Listas", "Listas\Listas.csproj", "{E6587BC1-64E2-49F4-AF59-A7FB0F4E23B6}"
EndProject
Project("{2150E333-8FDC-42A3-9474-1A3956D46DE8}") = "Matrizes", "Matrizes", "{BC584B5B-2690-4756-9AEF-3D9D7203B1DA}"
EndProject
Project("{9A19103F-16F7-4668-BE54-9A1E7A4F7556}") = "Matrizes", "Matrizes\Matrizes.csproj", "{BBE8AFCA-106D-4108-90FC-E991835711C2}"
EndProject
Project("{9A19103F-16F7-4668-BE54-9A1E7A4F7556}") = "SwitchCase", "SwitchCase\SwitchCase.csproj", "{FF25F7DD-1FA8-46F5-9D7F-BB9BCAE3C735}"
EndProject
Project("{9A19103F-16F7-4668-BE54-9A1E7A4F7556}") = "funcoesParaString", "funcoesParaString\funcoesParaString.csproj", "{E783990B-EC25-4ED3-83BC-C97F708F59E1}"
EndProject
Project("{9A19103F-16F7-4668-BE54-9A1E7A4F7556}") = "FuncoesData", "FuncoesData\FuncoesData.csproj", "{19B6E82C-A54E-4807-B745-87AECFD83441}"
EndProject
Project("{9A19103F-16F7-4668-BE54-9A1E7A4F7556}") = "Enumerados", "Enumerados\Enumerados.csproj", "{C55748FD-C19A-470E-B4BE-9C81D0FE0771}"
EndProject
Project("{9A19103F-16F7-4668-BE54-9A1E7A4F7556}") = "Heranca", "Heranca\Heranca.csproj", "{D3696001-D6BA-4DD1-8F7F-AA6950F7935D}"
EndProject
Project("{9A19103F-16F7-4668-BE54-9A1E7A4F7556}") = "SobreposicaoOverride", "SobreposicaoOverride\SobreposicaoOverride.csproj", "{AACA58BD-A73F-40F9-B362-AFDFC92FDF6E}"
EndProject
Project("{9A19103F-16F7-4668-BE54-9A1E7A4F7556}") = "AbstractExemplo", "Abstract exemplo\AbstractExemplo.csproj", "{A0A3DA58-D646-45BB-9274-12B12F7789D1}"
EndProject
Project("{2150E333-8FDC-42A3-9474-1A3956D46DE8}") = "TratamentoDeErros", "TratamentoDeErros", "{E9F4E475-663D-4FA9-96AB-A4D71ECF7997}"
EndProject
Project("{9A19103F-16F7-4668-BE54-9A1E7A4F7556}") = "ReservaHotel", "ReservaHotel\ReservaHotel.csproj", "{386DC236-B50C-4583-830C-63656DCA152E}"
EndProject
Project("{2150E333-8FDC-42A3-9474-1A3956D46DE8}") = "Arquivos", "Arquivos", "{8AB1F8D0-939A-498E-94C1-4666D540F6FF}"
EndProject
Project("{9A19103F-16F7-4668-BE54-9A1E7A4F7556}") = "File", "File\File.csproj", "{C984FDF6-8B00-4727-B15A-EBCB5CB2338D}"
EndProject
Project("{9A19103F-16F7-4668-BE54-9A1E7A4F7556}") = "UsingBlock", "UsingBlock\UsingBlock.csproj", "{50B09034-A19C-446F-B677-C18F9CD1F3E3}"
EndProject
Project("{2150E333-8FDC-42A3-9474-1A3956D46DE8}") = "interfaces", "interfaces", "{8E8D21BB-F25F-4BDB-AA33-D72FECE4578B}"
EndProject
Project("{9A19103F-16F7-4668-BE54-9A1E7A4F7556}") = "ContratoExemploInterfaces", "ContratoExemploInterfaces\ContratoExemploInterfaces.csproj", "{33D2E596-75F4-4CC9-9E6E-7BDE00EBFC1D}"
EndProject
Project("{2150E333-8FDC-42A3-9474-1A3956D46DE8}") = "InterfacesEClassAbstrata", "InterfacesEClassAbstrata", "{9E30149B-BFA3-434A-A37A-BDC6A59678C3}"
EndProject
Project("{9A19103F-16F7-4668-BE54-9A1E7A4F7556}") = "Implementacao", "Implementacao\Implementacao.csproj", "{89D94EF3-1921-458B-A01C-CF24744475CB}"
EndProject
Project("{2150E333-8FDC-42A3-9474-1A3956D46DE8}") = "Generics", "Generics", "{1BBD906A-2BF4-4B26-A09B-C30E1A467634}"
EndProject
Project("{9A19103F-16F7-4668-BE54-9A1E7A4F7556}") = "GenericsExemplos", "GenericsExemplos\GenericsExemplos.csproj", "{2F815097-F100-4C90-979C-9C13D6122ABD}"
EndProject
Project("{9A19103F-16F7-4668-BE54-9A1E7A4F7556}") = "MelhorExemplo", "MelhorExemplo\MelhorExemplo.csproj", "{BD5BB0B5-3699-4D63-B7B3-76BBA980AC1F}"
EndProject
Project("{9A19103F-16F7-4668-BE54-9A1E7A4F7556}") = "GetHastCodeExemplo", "GetHastCodeExemplo\GetHastCodeExemplo.csproj", "{9DFE518D-FFFE-4A99-9E6B-6CCAFE50FA91}"
EndProject
Project("{2150E333-8FDC-42A3-9474-1A3956D46DE8}") = "Dicionary", "Dicionary", "{E7A80161-1B9E-4FDF-9017-C34AC06791ED}"
EndProject
Project("{9A19103F-16F7-4668-BE54-9A1E7A4F7556}") = "Dicionario", "Dicionario\Dicionario.csproj", "{8C4FE688-2DAF-477B-AC1E-EE6B2782BDFB}"
EndProject
Project("{2150E333-8FDC-42A3-9474-1A3956D46DE8}") = "Extension", "Extension", "{FD5B6BEF-5984-4D1A-9C23-DEA2F6F0946A}"
EndProject
Project("{9A19103F-16F7-4668-BE54-9A1E7A4F7556}") = "CursoExtension", "CursoExtension\CursoExtension.csproj", "{B1ED05CD-960F-407D-8270-583A5610D0DD}"
EndProject
Project("{2150E333-8FDC-42A3-9474-1A3956D46DE8}") = "CursoIComparable", "CursoIComparable", "{B9CA6BD2-732E-4D89-A977-309F648E11F0}"
EndProject
Project("{9A19103F-16F7-4668-BE54-9A1E7A4F7556}") = "IComparableCurse", "IComparableCurse\IComparableCurse.csproj", "{89AB6989-0B51-4999-8C42-C761798BCAF4}"
EndProject
Project("{2150E333-8FDC-42A3-9474-1A3956D46DE8}") = "Delegacao", "Delegacao", "{5BCED54B-25C8-4812-80FA-CBA8E1028E7E}"
EndProject
Project("{9A19103F-16F7-4668-BE54-9A1E7A4F7556}") = "DelegateCurse", "DelegateCurse\DelegateCurse.csproj", "{3DA74CB3-5C6D-4E25-851F-EC033D9E9F4F}"
EndProject
Project("{2150E333-8FDC-42A3-9474-1A3956D46DE8}") = "Predicate", "Predicate", "{60D31655-41C6-4CE7-87F1-5B31A4EFA302}"
EndProject
Project("{9A19103F-16F7-4668-BE54-9A1E7A4F7556}") = "Exemplos", "Exemplos\Exemplos.csproj", "{89A63179-FCFC-4EC7-BC1D-A0B98685753E}"
EndProject
Project("{2150E333-8FDC-42A3-9474-1A3956D46DE8}") = "ExpresionLambda", "ExpresionLambda", "{6C666CDB-2A7E-4865-8879-43E5C2AAFA89}"
EndProject
Project("{9A19103F-16F7-4668-BE54-9A1E7A4F7556}") = "Exemplo", "Exemplo\Exemplo.csproj", "{5E49929D-6A92-4977-8692-F4606E5A2B1E}"
EndProject
Project("{2150E333-8FDC-42A3-9474-1A3956D46DE8}") = "LambidaExpressao", "LambidaExpressao", "{F693946A-72B0-44F3-9E65-9669EC4F1A72}"
EndProject
Project("{FAE04EC0-301F-11D3-BF4B-00C04F79EFBC}") = "Introducao", "Introducao\Introducao.csproj", "{6D88EFE4-803C-440C-BEFF-46921BDB400C}"
EndProject
Global
	GlobalSection(SolutionConfigurationPlatforms) = preSolution
		Debug|Any CPU = Debug|Any CPU
		Release|Any CPU = Release|Any CPU
	EndGlobalSection
	GlobalSection(ProjectConfigurationPlatforms) = postSolution
		{710FCD62-FBE3-4540-9115-68A025B050CC}.Debug|Any CPU.ActiveCfg = Debug|Any CPU
		{710FCD62-FBE3-4540-9115-68A025B050CC}.Debug|Any CPU.Build.0 = Debug|Any CPU
		{710FCD62-FBE3-4540-9115-68A025B050CC}.Release|Any CPU.ActiveCfg = Release|Any CPU
		{710FCD62-FBE3-4540-9115-68A025B050CC}.Release|Any CPU.Build.0 = Release|Any CPU
		{283DBB7C-8419-4164-B37C-A22EA816F62E}.Debug|Any CPU.ActiveCfg = Debug|Any CPU
		{283DBB7C-8419-4164-B37C-A22EA816F62E}.Debug|Any CPU.Build.0 = Debug|Any CPU
		{283DBB7C-8419-4164-B37C-A22EA816F62E}.Release|Any CPU.ActiveCfg = Release|Any CPU
		{283DBB7C-8419-4164-B37C-A22EA816F62E}.Release|Any CPU.Build.0 = Release|Any CPU
		{27C977BF-E2F3-4006-ADE4-7111469A8A8E}.Debug|Any CPU.ActiveCfg = Debug|Any CPU
		{27C977BF-E2F3-4006-ADE4-7111469A8A8E}.Debug|Any CPU.Build.0 = Debug|Any CPU
		{27C977BF-E2F3-4006-ADE4-7111469A8A8E}.Release|Any CPU.ActiveCfg = Release|Any CPU
		{27C977BF-E2F3-4006-ADE4-7111469A8A8E}.Release|Any CPU.Build.0 = Release|Any CPU
		{EFB33E61-5EF6-446C-B269-9D682F7124EE}.Debug|Any CPU.ActiveCfg = Debug|Any CPU
		{EFB33E61-5EF6-446C-B269-9D682F7124EE}.Debug|Any CPU.Build.0 = Debug|Any CPU
		{EFB33E61-5EF6-446C-B269-9D682F7124EE}.Release|Any CPU.ActiveCfg = Release|Any CPU
		{EFB33E61-5EF6-446C-B269-9D682F7124EE}.Release|Any CPU.Build.0 = Release|Any CPU
		{A2E295EA-CBAE-48F0-B1D5-10496D7E77BA}.Debug|Any CPU.ActiveCfg = Debug|Any CPU
		{A2E295EA-CBAE-48F0-B1D5-10496D7E77BA}.Debug|Any CPU.Build.0 = Debug|Any CPU
		{A2E295EA-CBAE-48F0-B1D5-10496D7E77BA}.Release|Any CPU.ActiveCfg = Release|Any CPU
		{A2E295EA-CBAE-48F0-B1D5-10496D7E77BA}.Release|Any CPU.Build.0 = Release|Any CPU
		{9B84E536-77DC-4055-95D2-55BB87232B7E}.Debug|Any CPU.ActiveCfg = Debug|Any CPU
		{9B84E536-77DC-4055-95D2-55BB87232B7E}.Debug|Any CPU.Build.0 = Debug|Any CPU
		{9B84E536-77DC-4055-95D2-55BB87232B7E}.Release|Any CPU.ActiveCfg = Release|Any CPU
		{9B84E536-77DC-4055-95D2-55BB87232B7E}.Release|Any CPU.Build.0 = Release|Any CPU
		{C11A5F5E-BB75-4A7C-B3A1-1767070C3734}.Debug|Any CPU.ActiveCfg = Debug|Any CPU
		{C11A5F5E-BB75-4A7C-B3A1-1767070C3734}.Debug|Any CPU.Build.0 = Debug|Any CPU
		{C11A5F5E-BB75-4A7C-B3A1-1767070C3734}.Release|Any CPU.ActiveCfg = Release|Any CPU
		{C11A5F5E-BB75-4A7C-B3A1-1767070C3734}.Release|Any CPU.Build.0 = Release|Any CPU
		{0834A3C6-8CDB-46AF-934A-60B64D90D5C2}.Debug|Any CPU.ActiveCfg = Debug|Any CPU
		{0834A3C6-8CDB-46AF-934A-60B64D90D5C2}.Debug|Any CPU.Build.0 = Debug|Any CPU
		{0834A3C6-8CDB-46AF-934A-60B64D90D5C2}.Release|Any CPU.ActiveCfg = Release|Any CPU
		{0834A3C6-8CDB-46AF-934A-60B64D90D5C2}.Release|Any CPU.Build.0 = Release|Any CPU
		{752F89F1-24B6-4B3C-B3D1-8034AE4CDE91}.Debug|Any CPU.ActiveCfg = Debug|Any CPU
		{752F89F1-24B6-4B3C-B3D1-8034AE4CDE91}.Debug|Any CPU.Build.0 = Debug|Any CPU
		{752F89F1-24B6-4B3C-B3D1-8034AE4CDE91}.Release|Any CPU.ActiveCfg = Release|Any CPU
		{752F89F1-24B6-4B3C-B3D1-8034AE4CDE91}.Release|Any CPU.Build.0 = Release|Any CPU
		{79F0FD02-535E-4F17-B2EB-B7C30100BA39}.Debug|Any CPU.ActiveCfg = Debug|Any CPU
		{79F0FD02-535E-4F17-B2EB-B7C30100BA39}.Debug|Any CPU.Build.0 = Debug|Any CPU
		{79F0FD02-535E-4F17-B2EB-B7C30100BA39}.Release|Any CPU.ActiveCfg = Release|Any CPU
		{79F0FD02-535E-4F17-B2EB-B7C30100BA39}.Release|Any CPU.Build.0 = Release|Any CPU
		{7C7F9F9F-110E-4751-9948-8B34861E84BE}.Debug|Any CPU.ActiveCfg = Debug|Any CPU
		{7C7F9F9F-110E-4751-9948-8B34861E84BE}.Debug|Any CPU.Build.0 = Debug|Any CPU
		{7C7F9F9F-110E-4751-9948-8B34861E84BE}.Release|Any CPU.ActiveCfg = Release|Any CPU
		{7C7F9F9F-110E-4751-9948-8B34861E84BE}.Release|Any CPU.Build.0 = Release|Any CPU
		{5AE77DE3-7149-4526-95AC-9D605929BB0D}.Debug|Any CPU.ActiveCfg = Debug|Any CPU
		{5AE77DE3-7149-4526-95AC-9D605929BB0D}.Debug|Any CPU.Build.0 = Debug|Any CPU
		{5AE77DE3-7149-4526-95AC-9D605929BB0D}.Release|Any CPU.ActiveCfg = Release|Any CPU
		{5AE77DE3-7149-4526-95AC-9D605929BB0D}.Release|Any CPU.Build.0 = Release|Any CPU
		{880E98E7-2763-46A2-BA83-962AE02946FA}.Debug|Any CPU.ActiveCfg = Debug|Any CPU
		{880E98E7-2763-46A2-BA83-962AE02946FA}.Debug|Any CPU.Build.0 = Debug|Any CPU
		{880E98E7-2763-46A2-BA83-962AE02946FA}.Release|Any CPU.ActiveCfg = Release|Any CPU
		{880E98E7-2763-46A2-BA83-962AE02946FA}.Release|Any CPU.Build.0 = Release|Any CPU
		{6840F174-8291-442D-B1DE-F734188D341B}.Debug|Any CPU.ActiveCfg = Debug|Any CPU
		{6840F174-8291-442D-B1DE-F734188D341B}.Debug|Any CPU.Build.0 = Debug|Any CPU
		{6840F174-8291-442D-B1DE-F734188D341B}.Release|Any CPU.ActiveCfg = Release|Any CPU
		{6840F174-8291-442D-B1DE-F734188D341B}.Release|Any CPU.Build.0 = Release|Any CPU
		{52F09F59-C230-481F-8526-A6B00FD784F1}.Debug|Any CPU.ActiveCfg = Debug|Any CPU
		{52F09F59-C230-481F-8526-A6B00FD784F1}.Debug|Any CPU.Build.0 = Debug|Any CPU
		{52F09F59-C230-481F-8526-A6B00FD784F1}.Release|Any CPU.ActiveCfg = Release|Any CPU
		{52F09F59-C230-481F-8526-A6B00FD784F1}.Release|Any CPU.Build.0 = Release|Any CPU
		{22E45E12-56E7-45D1-B198-E0BBEB139987}.Debug|Any CPU.ActiveCfg = Debug|Any CPU
		{22E45E12-56E7-45D1-B198-E0BBEB139987}.Debug|Any CPU.Build.0 = Debug|Any CPU
		{22E45E12-56E7-45D1-B198-E0BBEB139987}.Release|Any CPU.ActiveCfg = Release|Any CPU
		{22E45E12-56E7-45D1-B198-E0BBEB139987}.Release|Any CPU.Build.0 = Release|Any CPU
		{E6587BC1-64E2-49F4-AF59-A7FB0F4E23B6}.Debug|Any CPU.ActiveCfg = Debug|Any CPU
		{E6587BC1-64E2-49F4-AF59-A7FB0F4E23B6}.Debug|Any CPU.Build.0 = Debug|Any CPU
		{E6587BC1-64E2-49F4-AF59-A7FB0F4E23B6}.Release|Any CPU.ActiveCfg = Release|Any CPU
		{E6587BC1-64E2-49F4-AF59-A7FB0F4E23B6}.Release|Any CPU.Build.0 = Release|Any CPU
		{BBE8AFCA-106D-4108-90FC-E991835711C2}.Debug|Any CPU.ActiveCfg = Debug|Any CPU
		{BBE8AFCA-106D-4108-90FC-E991835711C2}.Debug|Any CPU.Build.0 = Debug|Any CPU
		{BBE8AFCA-106D-4108-90FC-E991835711C2}.Release|Any CPU.ActiveCfg = Release|Any CPU
		{BBE8AFCA-106D-4108-90FC-E991835711C2}.Release|Any CPU.Build.0 = Release|Any CPU
		{FF25F7DD-1FA8-46F5-9D7F-BB9BCAE3C735}.Debug|Any CPU.ActiveCfg = Debug|Any CPU
		{FF25F7DD-1FA8-46F5-9D7F-BB9BCAE3C735}.Debug|Any CPU.Build.0 = Debug|Any CPU
		{FF25F7DD-1FA8-46F5-9D7F-BB9BCAE3C735}.Release|Any CPU.ActiveCfg = Release|Any CPU
		{FF25F7DD-1FA8-46F5-9D7F-BB9BCAE3C735}.Release|Any CPU.Build.0 = Release|Any CPU
		{E783990B-EC25-4ED3-83BC-C97F708F59E1}.Debug|Any CPU.ActiveCfg = Debug|Any CPU
		{E783990B-EC25-4ED3-83BC-C97F708F59E1}.Debug|Any CPU.Build.0 = Debug|Any CPU
		{E783990B-EC25-4ED3-83BC-C97F708F59E1}.Release|Any CPU.ActiveCfg = Release|Any CPU
		{E783990B-EC25-4ED3-83BC-C97F708F59E1}.Release|Any CPU.Build.0 = Release|Any CPU
		{19B6E82C-A54E-4807-B745-87AECFD83441}.Debug|Any CPU.ActiveCfg = Debug|Any CPU
		{19B6E82C-A54E-4807-B745-87AECFD83441}.Debug|Any CPU.Build.0 = Debug|Any CPU
		{19B6E82C-A54E-4807-B745-87AECFD83441}.Release|Any CPU.ActiveCfg = Release|Any CPU
		{19B6E82C-A54E-4807-B745-87AECFD83441}.Release|Any CPU.Build.0 = Release|Any CPU
		{C55748FD-C19A-470E-B4BE-9C81D0FE0771}.Debug|Any CPU.ActiveCfg = Debug|Any CPU
		{C55748FD-C19A-470E-B4BE-9C81D0FE0771}.Debug|Any CPU.Build.0 = Debug|Any CPU
		{C55748FD-C19A-470E-B4BE-9C81D0FE0771}.Release|Any CPU.ActiveCfg = Release|Any CPU
		{C55748FD-C19A-470E-B4BE-9C81D0FE0771}.Release|Any CPU.Build.0 = Release|Any CPU
		{D3696001-D6BA-4DD1-8F7F-AA6950F7935D}.Debug|Any CPU.ActiveCfg = Debug|Any CPU
		{D3696001-D6BA-4DD1-8F7F-AA6950F7935D}.Debug|Any CPU.Build.0 = Debug|Any CPU
		{D3696001-D6BA-4DD1-8F7F-AA6950F7935D}.Release|Any CPU.ActiveCfg = Release|Any CPU
		{D3696001-D6BA-4DD1-8F7F-AA6950F7935D}.Release|Any CPU.Build.0 = Release|Any CPU
		{AACA58BD-A73F-40F9-B362-AFDFC92FDF6E}.Debug|Any CPU.ActiveCfg = Debug|Any CPU
		{AACA58BD-A73F-40F9-B362-AFDFC92FDF6E}.Debug|Any CPU.Build.0 = Debug|Any CPU
		{AACA58BD-A73F-40F9-B362-AFDFC92FDF6E}.Release|Any CPU.ActiveCfg = Release|Any CPU
		{AACA58BD-A73F-40F9-B362-AFDFC92FDF6E}.Release|Any CPU.Build.0 = Release|Any CPU
		{A0A3DA58-D646-45BB-9274-12B12F7789D1}.Debug|Any CPU.ActiveCfg = Debug|Any CPU
		{A0A3DA58-D646-45BB-9274-12B12F7789D1}.Debug|Any CPU.Build.0 = Debug|Any CPU
		{A0A3DA58-D646-45BB-9274-12B12F7789D1}.Release|Any CPU.ActiveCfg = Release|Any CPU
		{A0A3DA58-D646-45BB-9274-12B12F7789D1}.Release|Any CPU.Build.0 = Release|Any CPU
		{386DC236-B50C-4583-830C-63656DCA152E}.Debug|Any CPU.ActiveCfg = Debug|Any CPU
		{386DC236-B50C-4583-830C-63656DCA152E}.Debug|Any CPU.Build.0 = Debug|Any CPU
		{386DC236-B50C-4583-830C-63656DCA152E}.Release|Any CPU.ActiveCfg = Release|Any CPU
		{386DC236-B50C-4583-830C-63656DCA152E}.Release|Any CPU.Build.0 = Release|Any CPU
		{C984FDF6-8B00-4727-B15A-EBCB5CB2338D}.Debug|Any CPU.ActiveCfg = Debug|Any CPU
		{C984FDF6-8B00-4727-B15A-EBCB5CB2338D}.Debug|Any CPU.Build.0 = Debug|Any CPU
		{C984FDF6-8B00-4727-B15A-EBCB5CB2338D}.Release|Any CPU.ActiveCfg = Release|Any CPU
		{C984FDF6-8B00-4727-B15A-EBCB5CB2338D}.Release|Any CPU.Build.0 = Release|Any CPU
		{50B09034-A19C-446F-B677-C18F9CD1F3E3}.Debug|Any CPU.ActiveCfg = Debug|Any CPU
		{50B09034-A19C-446F-B677-C18F9CD1F3E3}.Debug|Any CPU.Build.0 = Debug|Any CPU
		{50B09034-A19C-446F-B677-C18F9CD1F3E3}.Release|Any CPU.ActiveCfg = Release|Any CPU
		{50B09034-A19C-446F-B677-C18F9CD1F3E3}.Release|Any CPU.Build.0 = Release|Any CPU
		{33D2E596-75F4-4CC9-9E6E-7BDE00EBFC1D}.Debug|Any CPU.ActiveCfg = Debug|Any CPU
		{33D2E596-75F4-4CC9-9E6E-7BDE00EBFC1D}.Debug|Any CPU.Build.0 = Debug|Any CPU
		{33D2E596-75F4-4CC9-9E6E-7BDE00EBFC1D}.Release|Any CPU.ActiveCfg = Release|Any CPU
		{33D2E596-75F4-4CC9-9E6E-7BDE00EBFC1D}.Release|Any CPU.Build.0 = Release|Any CPU
		{89D94EF3-1921-458B-A01C-CF24744475CB}.Debug|Any CPU.ActiveCfg = Debug|Any CPU
		{89D94EF3-1921-458B-A01C-CF24744475CB}.Debug|Any CPU.Build.0 = Debug|Any CPU
		{89D94EF3-1921-458B-A01C-CF24744475CB}.Release|Any CPU.ActiveCfg = Release|Any CPU
		{89D94EF3-1921-458B-A01C-CF24744475CB}.Release|Any CPU.Build.0 = Release|Any CPU
		{2F815097-F100-4C90-979C-9C13D6122ABD}.Debug|Any CPU.ActiveCfg = Debug|Any CPU
		{2F815097-F100-4C90-979C-9C13D6122ABD}.Debug|Any CPU.Build.0 = Debug|Any CPU
		{2F815097-F100-4C90-979C-9C13D6122ABD}.Release|Any CPU.ActiveCfg = Release|Any CPU
		{2F815097-F100-4C90-979C-9C13D6122ABD}.Release|Any CPU.Build.0 = Release|Any CPU
		{BD5BB0B5-3699-4D63-B7B3-76BBA980AC1F}.Debug|Any CPU.ActiveCfg = Debug|Any CPU
		{BD5BB0B5-3699-4D63-B7B3-76BBA980AC1F}.Debug|Any CPU.Build.0 = Debug|Any CPU
		{BD5BB0B5-3699-4D63-B7B3-76BBA980AC1F}.Release|Any CPU.ActiveCfg = Release|Any CPU
		{BD5BB0B5-3699-4D63-B7B3-76BBA980AC1F}.Release|Any CPU.Build.0 = Release|Any CPU
		{9DFE518D-FFFE-4A99-9E6B-6CCAFE50FA91}.Debug|Any CPU.ActiveCfg = Debug|Any CPU
		{9DFE518D-FFFE-4A99-9E6B-6CCAFE50FA91}.Debug|Any CPU.Build.0 = Debug|Any CPU
		{9DFE518D-FFFE-4A99-9E6B-6CCAFE50FA91}.Release|Any CPU.ActiveCfg = Release|Any CPU
		{9DFE518D-FFFE-4A99-9E6B-6CCAFE50FA91}.Release|Any CPU.Build.0 = Release|Any CPU
		{8C4FE688-2DAF-477B-AC1E-EE6B2782BDFB}.Debug|Any CPU.ActiveCfg = Debug|Any CPU
		{8C4FE688-2DAF-477B-AC1E-EE6B2782BDFB}.Debug|Any CPU.Build.0 = Debug|Any CPU
		{8C4FE688-2DAF-477B-AC1E-EE6B2782BDFB}.Release|Any CPU.ActiveCfg = Release|Any CPU
		{8C4FE688-2DAF-477B-AC1E-EE6B2782BDFB}.Release|Any CPU.Build.0 = Release|Any CPU
		{B1ED05CD-960F-407D-8270-583A5610D0DD}.Debug|Any CPU.ActiveCfg = Debug|Any CPU
		{B1ED05CD-960F-407D-8270-583A5610D0DD}.Debug|Any CPU.Build.0 = Debug|Any CPU
		{B1ED05CD-960F-407D-8270-583A5610D0DD}.Release|Any CPU.ActiveCfg = Release|Any CPU
		{B1ED05CD-960F-407D-8270-583A5610D0DD}.Release|Any CPU.Build.0 = Release|Any CPU
		{89AB6989-0B51-4999-8C42-C761798BCAF4}.Debug|Any CPU.ActiveCfg = Debug|Any CPU
		{89AB6989-0B51-4999-8C42-C761798BCAF4}.Debug|Any CPU.Build.0 = Debug|Any CPU
		{89AB6989-0B51-4999-8C42-C761798BCAF4}.Release|Any CPU.ActiveCfg = Release|Any CPU
		{89AB6989-0B51-4999-8C42-C761798BCAF4}.Release|Any CPU.Build.0 = Release|Any CPU
		{3DA74CB3-5C6D-4E25-851F-EC033D9E9F4F}.Debug|Any CPU.ActiveCfg = Debug|Any CPU
		{3DA74CB3-5C6D-4E25-851F-EC033D9E9F4F}.Debug|Any CPU.Build.0 = Debug|Any CPU
		{3DA74CB3-5C6D-4E25-851F-EC033D9E9F4F}.Release|Any CPU.ActiveCfg = Release|Any CPU
		{3DA74CB3-5C6D-4E25-851F-EC033D9E9F4F}.Release|Any CPU.Build.0 = Release|Any CPU
		{89A63179-FCFC-4EC7-BC1D-A0B98685753E}.Debug|Any CPU.ActiveCfg = Debug|Any CPU
		{89A63179-FCFC-4EC7-BC1D-A0B98685753E}.Debug|Any CPU.Build.0 = Debug|Any CPU
		{89A63179-FCFC-4EC7-BC1D-A0B98685753E}.Release|Any CPU.ActiveCfg = Release|Any CPU
		{89A63179-FCFC-4EC7-BC1D-A0B98685753E}.Release|Any CPU.Build.0 = Release|Any CPU
		{5E49929D-6A92-4977-8692-F4606E5A2B1E}.Debug|Any CPU.ActiveCfg = Debug|Any CPU
		{5E49929D-6A92-4977-8692-F4606E5A2B1E}.Debug|Any CPU.Build.0 = Debug|Any CPU
		{5E49929D-6A92-4977-8692-F4606E5A2B1E}.Release|Any CPU.ActiveCfg = Release|Any CPU
		{5E49929D-6A92-4977-8692-F4606E5A2B1E}.Release|Any CPU.Build.0 = Release|Any CPU
		{6D88EFE4-803C-440C-BEFF-46921BDB400C}.Debug|Any CPU.ActiveCfg = Debug|Any CPU
		{6D88EFE4-803C-440C-BEFF-46921BDB400C}.Debug|Any CPU.Build.0 = Debug|Any CPU
		{6D88EFE4-803C-440C-BEFF-46921BDB400C}.Release|Any CPU.ActiveCfg = Release|Any CPU
		{6D88EFE4-803C-440C-BEFF-46921BDB400C}.Release|Any CPU.Build.0 = Release|Any CPU
	EndGlobalSection
	GlobalSection(SolutionProperties) = preSolution
		HideSolutionNode = FALSE
	EndGlobalSection
	GlobalSection(NestedProjects) = preSolution
		{9B84E536-77DC-4055-95D2-55BB87232B7E} = {95521F38-B482-4223-9113-FBD98B843031}
		{C11A5F5E-BB75-4A7C-B3A1-1767070C3734} = {EAF99B41-CE56-421A-9B23-2BC2761EB9C5}
		{0834A3C6-8CDB-46AF-934A-60B64D90D5C2} = {75544612-C300-406B-8500-E205CD856BA2}
		{752F89F1-24B6-4B3C-B3D1-8034AE4CDE91} = {A8742B5E-0887-482C-A7EE-A09767EF6A66}
		{B3CCCF13-68BB-4FFB-B64B-2AC0B729D601} = {0A595368-16A6-4693-A534-E945DFB6D29F}
		{79F0FD02-535E-4F17-B2EB-B7C30100BA39} = {B3CCCF13-68BB-4FFB-B64B-2AC0B729D601}
		{439C2783-401E-4D3D-8D8D-DA134F64C059} = {0A595368-16A6-4693-A534-E945DFB6D29F}
		{7C7F9F9F-110E-4751-9948-8B34861E84BE} = {439C2783-401E-4D3D-8D8D-DA134F64C059}
		{223453EE-300C-4BB5-A886-ADCE7757675B} = {0A595368-16A6-4693-A534-E945DFB6D29F}
		{5AE77DE3-7149-4526-95AC-9D605929BB0D} = {223453EE-300C-4BB5-A886-ADCE7757675B}
		{880E98E7-2763-46A2-BA83-962AE02946FA} = {223453EE-300C-4BB5-A886-ADCE7757675B}
		{6840F174-8291-442D-B1DE-F734188D341B} = {C043F423-CF8C-400F-8AD7-46ABEB947FD3}
		{52F09F59-C230-481F-8526-A6B00FD784F1} = {CBB6943D-A53C-42CD-9721-A898D55B9985}
		{22E45E12-56E7-45D1-B198-E0BBEB139987} = {DD4BB636-B9E4-4304-BC39-EB3BDC588CF8}
		{E6587BC1-64E2-49F4-AF59-A7FB0F4E23B6} = {37148A70-1CAE-4453-8544-53D7BF8A15DB}
		{BBE8AFCA-106D-4108-90FC-E991835711C2} = {BC584B5B-2690-4756-9AEF-3D9D7203B1DA}
		{386DC236-B50C-4583-830C-63656DCA152E} = {E9F4E475-663D-4FA9-96AB-A4D71ECF7997}
		{C984FDF6-8B00-4727-B15A-EBCB5CB2338D} = {8AB1F8D0-939A-498E-94C1-4666D540F6FF}
		{50B09034-A19C-446F-B677-C18F9CD1F3E3} = {8AB1F8D0-939A-498E-94C1-4666D540F6FF}
		{33D2E596-75F4-4CC9-9E6E-7BDE00EBFC1D} = {8E8D21BB-F25F-4BDB-AA33-D72FECE4578B}
		{89D94EF3-1921-458B-A01C-CF24744475CB} = {9E30149B-BFA3-434A-A37A-BDC6A59678C3}
		{2F815097-F100-4C90-979C-9C13D6122ABD} = {1BBD906A-2BF4-4B26-A09B-C30E1A467634}
		{BD5BB0B5-3699-4D63-B7B3-76BBA980AC1F} = {1BBD906A-2BF4-4B26-A09B-C30E1A467634}
		{9DFE518D-FFFE-4A99-9E6B-6CCAFE50FA91} = {1BBD906A-2BF4-4B26-A09B-C30E1A467634}
		{8C4FE688-2DAF-477B-AC1E-EE6B2782BDFB} = {E7A80161-1B9E-4FDF-9017-C34AC06791ED}
		{B1ED05CD-960F-407D-8270-583A5610D0DD} = {FD5B6BEF-5984-4D1A-9C23-DEA2F6F0946A}
		{89AB6989-0B51-4999-8C42-C761798BCAF4} = {B9CA6BD2-732E-4D89-A977-309F648E11F0}
		{3DA74CB3-5C6D-4E25-851F-EC033D9E9F4F} = {5BCED54B-25C8-4812-80FA-CBA8E1028E7E}
		{89A63179-FCFC-4EC7-BC1D-A0B98685753E} = {60D31655-41C6-4CE7-87F1-5B31A4EFA302}
		{5E49929D-6A92-4977-8692-F4606E5A2B1E} = {6C666CDB-2A7E-4865-8879-43E5C2AAFA89}
		{6D88EFE4-803C-440C-BEFF-46921BDB400C} = {F693946A-72B0-44F3-9E65-9669EC4F1A72}
	EndGlobalSection
	GlobalSection(ExtensibilityGlobals) = postSolution
		SolutionGuid = {2061A00C-4CA6-4326-8151-8FA8AAB9119A}
	EndGlobalSection
EndGlobal
