
Microsoft Visual Studio Solution File, Format Version 12.00
# Visual Studio Version 16
VisualStudioVersion = 16.0.32002.261
MinimumVisualStudioVersion = 10.0.40219.1
Project("{FAE04EC0-301F-11D3-BF4B-00C04F79EFBC}") = "Lojas", "Lojas\Lojas.csproj", "{98317EF9-67FA-4E90-B2B7-273C4389F00F}"
EndProject
Global
	GlobalSection(SolutionConfigurationPlatforms) = preSolution
		Debug|Any CPU = Debug|Any CPU
		Release|Any CPU = Release|Any CPU
	EndGlobalSection
	GlobalSection(ProjectConfigurationPlatforms) = postSolution
		{98317EF9-67FA-4E90-B2B7-273C4389F00F}.Debug|Any CPU.ActiveCfg = Debug|Any CPU
		{98317EF9-67FA-4E90-B2B7-273C4389F00F}.Debug|Any CPU.Build.0 = Debug|Any CPU
		{98317EF9-67FA-4E90-B2B7-273C4389F00F}.Release|Any CPU.ActiveCfg = Release|Any CPU
		{98317EF9-67FA-4E90-B2B7-273C4389F00F}.Release|Any CPU.Build.0 = Release|Any CPU
	EndGlobalSection
	GlobalSection(SolutionProperties) = preSolution
		HideSolutionNode = FALSE
	EndGlobalSection
	GlobalSection(ExtensibilityGlobals) = postSolution
		SolutionGuid = {132095B8-64C2-425E-B920-6159CC534F80}
	EndGlobalSection
EndGlobal
