
Microsoft Visual Studio Solution File, Format Version 12.00
# Visual Studio Version 16
VisualStudioVersion = 16.0.31911.196
MinimumVisualStudioVersion = 10.0.40219.1
Project("{FAE04EC0-301F-11D3-BF4B-00C04F79EFBC}") = "TrabalhandoComTexto", "TrabalhandoComTexto\TrabalhandoComTexto.csproj", "{D8D69B09-2B68-431A-887F-FA1262578217}"
EndProject
Global
	GlobalSection(SolutionConfigurationPlatforms) = preSolution
		Debug|Any CPU = Debug|Any CPU
		Release|Any CPU = Release|Any CPU
	EndGlobalSection
	GlobalSection(ProjectConfigurationPlatforms) = postSolution
		{D8D69B09-2B68-431A-887F-FA1262578217}.Debug|Any CPU.ActiveCfg = Debug|Any CPU
		{D8D69B09-2B68-431A-887F-FA1262578217}.Debug|Any CPU.Build.0 = Debug|Any CPU
		{D8D69B09-2B68-431A-887F-FA1262578217}.Release|Any CPU.ActiveCfg = Release|Any CPU
		{D8D69B09-2B68-431A-887F-FA1262578217}.Release|Any CPU.Build.0 = Release|Any CPU
	EndGlobalSection
	GlobalSection(SolutionProperties) = preSolution
		HideSolutionNode = FALSE
	EndGlobalSection
	GlobalSection(ExtensibilityGlobals) = postSolution
		SolutionGuid = {16AD2F15-3B9E-4D07-A930-52C2C9650E31}
	EndGlobalSection
EndGlobal
